// !$*UTF8*$!
{
	archiveVersion = 1;
	classes = {
	};
	objectVersion = 51;
	objects = {

/* Begin PBXBuildFile section */
		A2EB575A3EB2B5D8B5074F6D /* Pods_PaddleOCRDemo.framework in Frameworks */ = {isa = PBXBuildFile; fileRef = 42C7A7AE8150AD5AA417764A /* Pods_PaddleOCRDemo.framework */; };
		D750997D264D1954002E6A57 /* AppDelegate.swift in Sources */ = {isa = PBXBuildFile; fileRef = D750997C264D1954002E6A57 /* AppDelegate.swift */; };
		D7509981264D1954002E6A57 /* ViewController.swift in Sources */ = {isa = PBXBuildFile; fileRef = D7509980264D1954002E6A57 /* ViewController.swift */; };
		D7509984264D1954002E6A57 /* Main.storyboard in Resources */ = {isa = PBXBuildFile; fileRef = D7509982264D1954002E6A57 /* Main.storyboard */; };
		D7509986264D1955002E6A57 /* Assets.xcassets in Resources */ = {isa = PBXBuildFile; fileRef = D7509985264D1955002E6A57 /* Assets.xcassets */; };
		D7509989264D1955002E6A57 /* LaunchScreen.storyboard in Resources */ = {isa = PBXBuildFile; fileRef = D7509987264D1955002E6A57 /* LaunchScreen.storyboard */; };
/* End PBXBuildFile section */

/* Begin PBXFileReference section */
		42C7A7AE8150AD5AA417764A /* Pods_PaddleOCRDemo.framework */ = {isa = PBXFileReference; explicitFileType = wrapper.framework; includeInIndex = 0; path = Pods_PaddleOCRDemo.framework; sourceTree = BUILT_PRODUCTS_DIR; };
		AB075422F2F4B6CE249EBDC9 /* Pods-PaddleOCRDemo.debug.xcconfig */ = {isa = PBXFileReference; includeInIndex = 1; lastKnownFileType = text.xcconfig; name = "Pods-PaddleOCRDemo.debug.xcconfig"; path = "Target Support Files/Pods-PaddleOCRDemo/Pods-PaddleOCRDemo.debug.xcconfig"; sourceTree = "<group>"; };
		D7509979264D1954002E6A57 /* PaddleOCRDemo.app */ = {isa = PBXFileReference; explicitFileType = wrapper.application; includeInIndex = 0; path = PaddleOCRDemo.app; sourceTree = BUILT_PRODUCTS_DIR; };
		D750997C264D1954002E6A57 /* AppDelegate.swift */ = {isa = PBXFileReference; lastKnownFileType = sourcecode.swift; path = AppDelegate.swift; sourceTree = "<group>"; };
		D7509980264D1954002E6A57 /* ViewController.swift */ = {isa = PBXFileReference; lastKnownFileType = sourcecode.swift; path = ViewController.swift; sourceTree = "<group>"; };
		D7509983264D1954002E6A57 /* Base */ = {isa = PBXFileReference; lastKnownFileType = file.storyboard; name = Base; path = Base.lproj/Main.storyboard; sourceTree = "<group>"; };
		D7509985264D1955002E6A57 /* Assets.xcassets */ = {isa = PBXFileReference; lastKnownFileType = folder.assetcatalog; path = Assets.xcassets; sourceTree = "<group>"; };
		D7509988264D1955002E6A57 /* Base */ = {isa = PBXFileReference; lastKnownFileType = file.storyboard; name = Base; path = Base.lproj/LaunchScreen.storyboard; sourceTree = "<group>"; };
		D750998A264D1955002E6A57 /* Info.plist */ = {isa = PBXFileReference; lastKnownFileType = text.plist.xml; path = Info.plist; sourceTree = "<group>"; };
		D77972ED2697198B004D9A1E /* zh-Hans */ = {isa = PBXFileReference; lastKnownFileType = text.plist.strings; name = "zh-Hans"; path = "zh-Hans.lproj/Main.strings"; sourceTree = "<group>"; };
		D77972EE2697198B004D9A1E /* zh-Hans */ = {isa = PBXFileReference; lastKnownFileType = text.plist.strings; name = "zh-Hans"; path = "zh-Hans.lproj/LaunchScreen.strings"; sourceTree = "<group>"; };
		EAEE8B78D44DD2253C60A153 /* Pods-PaddleOCRDemo.release.xcconfig */ = {isa = PBXFileReference; includeInIndex = 1; lastKnownFileType = text.xcconfig; name = "Pods-PaddleOCRDemo.release.xcconfig"; path = "Target Support Files/Pods-PaddleOCRDemo/Pods-PaddleOCRDemo.release.xcconfig"; sourceTree = "<group>"; };
/* End PBXFileReference section */

/* Begin PBXFrameworksBuildPhase section */
		D7509976264D1954002E6A57 /* Frameworks */ = {
			isa = PBXFrameworksBuildPhase;
			buildActionMask = 2147483647;
			files = (
				A2EB575A3EB2B5D8B5074F6D /* Pods_PaddleOCRDemo.framework in Frameworks */,
			);
			runOnlyForDeploymentPostprocessing = 0;
		};
/* End PBXFrameworksBuildPhase section */

/* Begin PBXGroup section */
		48569A1118CCFC9D1EAE301E /* Pods */ = {
			isa = PBXGroup;
			children = (
				AB075422F2F4B6CE249EBDC9 /* Pods-PaddleOCRDemo.debug.xcconfig */,
				EAEE8B78D44DD2253C60A153 /* Pods-PaddleOCRDemo.release.xcconfig */,
			);
			path = Pods;
			sourceTree = "<group>";
		};
		B1412AD56B2A2898A45CF453 /* Frameworks */ = {
			isa = PBXGroup;
			children = (
				42C7A7AE8150AD5AA417764A /* Pods_PaddleOCRDemo.framework */,
			);
			name = Frameworks;
			sourceTree = "<group>";
		};
		D7509970264D1954002E6A57 = {
			isa = PBXGroup;
			children = (
				D750997B264D1954002E6A57 /* PaddleOCRDemo */,
				D750997A264D1954002E6A57 /* Products */,
				48569A1118CCFC9D1EAE301E /* Pods */,
				B1412AD56B2A2898A45CF453 /* Frameworks */,
			);
			sourceTree = "<group>";
		};
		D750997A264D1954002E6A57 /* Products */ = {
			isa = PBXGroup;
			children = (
				D7509979264D1954002E6A57 /* PaddleOCRDemo.app */,
			);
			name = Products;
			sourceTree = "<group>";
		};
		D750997B264D1954002E6A57 /* PaddleOCRDemo */ = {
			isa = PBXGroup;
			children = (
				D750997C264D1954002E6A57 /* AppDelegate.swift */,
				D7509980264D1954002E6A57 /* ViewController.swift */,
				D7509982264D1954002E6A57 /* Main.storyboard */,
				D7509985264D1955002E6A57 /* Assets.xcassets */,
				D7509987264D1955002E6A57 /* LaunchScreen.storyboard */,
				D750998A264D1955002E6A57 /* Info.plist */,
			);
			path = PaddleOCRDemo;
			sourceTree = "<group>";
		};
/* End PBXGroup section */

/* Begin PBXNativeTarget section */
		D7509978264D1954002E6A57 /* PaddleOCRDemo */ = {
			isa = PBXNativeTarget;
			buildConfigurationList = D750998D264D1955002E6A57 /* Build configuration list for PBXNativeTarget "PaddleOCRDemo" */;
			buildPhases = (
				01CD303ADB672A2C55691BAA /* [CP] Check Pods Manifest.lock */,
				D7509975264D1954002E6A57 /* Sources */,
				D7509976264D1954002E6A57 /* Frameworks */,
				D7509977264D1954002E6A57 /* Resources */,
			);
			buildRules = (
			);
			dependencies = (
			);
			name = PaddleOCRDemo;
			productName = PaddleOCRDemo;
			productReference = D7509979264D1954002E6A57 /* PaddleOCRDemo.app */;
			productType = "com.apple.product-type.application";
		};
/* End PBXNativeTarget section */

/* Begin PBXProject section */
		D7509971264D1954002E6A57 /* Project object */ = {
			isa = PBXProject;
			attributes = {
				LastSwiftUpdateCheck = 1230;
				LastUpgradeCheck = 1230;
				TargetAttributes = {
					D7509978264D1954002E6A57 = {
						CreatedOnToolsVersion = 12.3;
					};
				};
			};
			buildConfigurationList = D7509974264D1954002E6A57 /* Build configuration list for PBXProject "PaddleOCRDemo" */;
			compatibilityVersion = "Xcode 9.3";
			developmentRegion = en;
			hasScannedForEncodings = 0;
			knownRegions = (
				en,
				Base,
				"zh-Hans",
			);
			mainGroup = D7509970264D1954002E6A57;
			productRefGroup = D750997A264D1954002E6A57 /* Products */;
			projectDirPath = "";
			projectRoot = "";
			targets = (
				D7509978264D1954002E6A57 /* PaddleOCRDemo */,
			);
		};
/* End PBXProject section */

/* Begin PBXResourcesBuildPhase section */
		D7509977264D1954002E6A57 /* Resources */ = {
			isa = PBXResourcesBuildPhase;
			buildActionMask = 2147483647;
			files = (
				D7509989264D1955002E6A57 /* LaunchScreen.storyboard in Resources */,
				D7509986264D1955002E6A57 /* Assets.xcassets in Resources */,
				D7509984264D1954002E6A57 /* Main.storyboard in Resources */,
			);
			runOnlyForDeploymentPostprocessing = 0;
		};
/* End PBXResourcesBuildPhase section */

/* Begin PBXShellScriptBuildPhase section */
		01CD303ADB672A2C55691BAA /* [CP] Check Pods Manifest.lock */ = {
			isa = PBXShellScriptBuildPhase;
			buildActionMask = 2147483647;
			files = (
			);
			inputFileListPaths = (
			);
			inputPaths = (
				"${PODS_PODFILE_DIR_PATH}/Podfile.lock",
				"${PODS_ROOT}/Manifest.lock",
			);
			name = "[CP] Check Pods Manifest.lock";
			outputFileListPaths = (
			);
			outputPaths = (
				"$(DERIVED_FILE_DIR)/Pods-PaddleOCRDemo-checkManifestLockResult.txt",
			);
			runOnlyForDeploymentPostprocessing = 0;
			shellPath = /bin/sh;
			shellScript = "diff \"${PODS_PODFILE_DIR_PATH}/Podfile.lock\" \"${PODS_ROOT}/Manifest.lock\" > /dev/null\nif [ $? != 0 ] ; then\n    # print error to STDERR\n    echo \"error: The sandbox is not in sync with the Podfile.lock. Run 'pod install' or update your CocoaPods installation.\" >&2\n    exit 1\nfi\n# This output is used by Xcode 'outputs' to avoid re-running this script phase.\necho \"SUCCESS\" > \"${SCRIPT_OUTPUT_FILE_0}\"\n";
			showEnvVarsInLog = 0;
		};
/* End PBXShellScriptBuildPhase section */

/* Begin PBXSourcesBuildPhase section */
		D7509975264D1954002E6A57 /* Sources */ = {
			isa = PBXSourcesBuildPhase;
			buildActionMask = 2147483647;
			files = (
				D7509981264D1954002E6A57 /* ViewController.swift in Sources */,
				D750997D264D1954002E6A57 /* AppDelegate.swift in Sources */,
			);
			runOnlyForDeploymentPostprocessing = 0;
		};
/* End PBXSourcesBuildPhase section */

/* Begin PBXVariantGroup section */
		D7509982264D1954002E6A57 /* Main.storyboard */ = {
			isa = PBXVariantGroup;
			children = (
				D7509983264D1954002E6A57 /* Base */,
				D77972ED2697198B004D9A1E /* zh-Hans */,
			);
			name = Main.storyboard;
			sourceTree = "<group>";
		};
		D7509987264D1955002E6A57 /* LaunchScreen.storyboard */ = {
			isa = PBXVariantGroup;
			children = (
				D7509988264D1955002E6A57 /* Base */,
				D77972EE2697198B004D9A1E /* zh-Hans */,
			);
			name = LaunchScreen.storyboard;
			sourceTree = "<group>";
		};
/* End PBXVariantGroup section */

/* Begin XCBuildConfiguration section */
		D750998B264D1955002E6A57 /* Debug */ = {
			isa = XCBuildConfiguration;
			buildSettings = {
				ALWAYS_SEARCH_USER_PATHS = NO;
				CLANG_ANALYZER_LOCALIZABILITY_NONLOCALIZED = YES;
				CLANG_ANALYZER_NONNULL = YES;
				CLANG_ANALYZER_NUMBER_OBJECT_CONVERSION = YES_AGGRESSIVE;
				CLANG_CXX_LANGUAGE_STANDARD = "gnu++14";
				CLANG_CXX_LIBRARY = "libc++";
				CLANG_ENABLE_MODULES = YES;
				CLANG_ENABLE_OBJC_ARC = YES;
				CLANG_ENABLE_OBJC_WEAK = YES;
				CLANG_WARN_BLOCK_CAPTURE_AUTORELEASING = YES;
				CLANG_WARN_BOOL_CONVERSION = YES;
				CLANG_WARN_COMMA = YES;
				CLANG_WARN_CONSTANT_CONVERSION = YES;
				CLANG_WARN_DEPRECATED_OBJC_IMPLEMENTATIONS = YES;
				CLANG_WARN_DIRECT_OBJC_ISA_USAGE = YES_ERROR;
				CLANG_WARN_DOCUMENTATION_COMMENTS = YES;
				CLANG_WARN_EMPTY_BODY = YES;
				CLANG_WARN_ENUM_CONVERSION = YES;
				CLANG_WARN_INFINITE_RECURSION = YES;
				CLANG_WARN_INT_CONVERSION = YES;
				CLANG_WARN_NON_LITERAL_NULL_CONVERSION = YES;
				CLANG_WARN_OBJC_IMPLICIT_RETAIN_SELF = YES;
				CLANG_WARN_OBJC_LITERAL_CONVERSION = YES;
				CLANG_WARN_OBJC_ROOT_CLASS = YES_ERROR;
				CLANG_WARN_QUOTED_INCLUDE_IN_FRAMEWORK_HEADER = YES;
				CLANG_WARN_RANGE_LOOP_ANALYSIS = YES;
				CLANG_WARN_STRICT_PROTOTYPES = YES;
				CLANG_WARN_SUSPICIOUS_MOVE = YES;
				CLANG_WARN_UNGUARDED_AVAILABILITY = YES_AGGRESSIVE;
				CLANG_WARN_UNREACHABLE_CODE = YES;
				CLANG_WARN__DUPLICATE_METHOD_MATCH = YES;
				COPY_PHASE_STRIP = NO;
				DEBUG_INFORMATION_FORMAT = dwarf;
				ENABLE_STRICT_OBJC_MSGSEND = YES;
				ENABLE_TESTABILITY = YES;
				GCC_C_LANGUAGE_STANDARD = gnu11;
				GCC_DYNAMIC_NO_PIC = NO;
				GCC_NO_COMMON_BLOCKS = YES;
				GCC_OPTIMIZATION_LEVEL = 0;
				GCC_PREPROCESSOR_DEFINITIONS = (
					"DEBUG=1",
					"$(inherited)",
				);
				GCC_WARN_64_TO_32_BIT_CONVERSION = YES;
				GCC_WARN_ABOUT_RETURN_TYPE = YES_ERROR;
				GCC_WARN_UNDECLARED_SELECTOR = YES;
				GCC_WARN_UNINITIALIZED_AUTOS = YES_AGGRESSIVE;
				GCC_WARN_UNUSED_FUNCTION = YES;
				GCC_WARN_UNUSED_VARIABLE = YES;
				IPHONEOS_DEPLOYMENT_TARGET = 14.3;
				MTL_ENABLE_DEBUG_INFO = INCLUDE_SOURCE;
				MTL_FAST_MATH = YES;
				ONLY_ACTIVE_ARCH = YES;
				SDKROOT = iphoneos;
				SWIFT_ACTIVE_COMPILATION_CONDITIONS = DEBUG;
				SWIFT_OPTIMIZATION_LEVEL = "-Onone";
			};
			name = Debug;
		};
		D750998C264D1955002E6A57 /* Release */ = {
			isa = XCBuildConfiguration;
			buildSettings = {
				ALWAYS_SEARCH_USER_PATHS = NO;
				CLANG_ANALYZER_LOCALIZABILITY_NONLOCALIZED = YES;
				CLANG_ANALYZER_NONNULL = YES;
				CLANG_ANALYZER_NUMBER_OBJECT_CONVERSION = YES_AGGRESSIVE;
				CLANG_CXX_LANGUAGE_STANDARD = "gnu++14";
				CLANG_CXX_LIBRARY = "libc++";
				CLANG_ENABLE_MODULES = YES;
				CLANG_ENABLE_OBJC_ARC = YES;
				CLANG_ENABLE_OBJC_WEAK = YES;
				CLANG_WARN_BLOCK_CAPTURE_AUTORELEASING = YES;
				CLANG_WARN_BOOL_CONVERSION = YES;
				CLANG_WARN_COMMA = YES;
				CLANG_WARN_CONSTANT_CONVERSION = YES;
				CLANG_WARN_DEPRECATED_OBJC_IMPLEMENTATIONS = YES;
				CLANG_WARN_DIRECT_OBJC_ISA_USAGE = YES_ERROR;
				CLANG_WARN_DOCUMENTATION_COMMENTS = YES;
				CLANG_WARN_EMPTY_BODY = YES;
				CLANG_WARN_ENUM_CONVERSION = YES;
				CLANG_WARN_INFINITE_RECURSION = YES;
				CLANG_WARN_INT_CONVERSION = YES;
				CLANG_WARN_NON_LITERAL_NULL_CONVERSION = YES;
				CLANG_WARN_OBJC_IMPLICIT_RETAIN_SELF = YES;
				CLANG_WARN_OBJC_LITERAL_CONVERSION = YES;
				CLANG_WARN_OBJC_ROOT_CLASS = YES_ERROR;
				CLANG_WARN_QUOTED_INCLUDE_IN_FRAMEWORK_HEADER = YES;
				CLANG_WARN_RANGE_LOOP_ANALYSIS = YES;
				CLANG_WARN_STRICT_PROTOTYPES = YES;
				CLANG_WARN_SUSPICIOUS_MOVE = YES;
				CLANG_WARN_UNGUARDED_AVAILABILITY = YES_AGGRESSIVE;
				CLANG_WARN_UNREACHABLE_CODE = YES;
				CLANG_WARN__DUPLICATE_METHOD_MATCH = YES;
				COPY_PHASE_STRIP = NO;
				DEBUG_INFORMATION_FORMAT = "dwarf-with-dsym";
				ENABLE_NS_ASSERTIONS = NO;
				ENABLE_STRICT_OBJC_MSGSEND = YES;
				GCC_C_LANGUAGE_STANDARD = gnu11;
				GCC_NO_COMMON_BLOCKS = YES;
				GCC_WARN_64_TO_32_BIT_CONVERSION = YES;
				GCC_WARN_ABOUT_RETURN_TYPE = YES_ERROR;
				GCC_WARN_UNDECLARED_SELECTOR = YES;
				GCC_WARN_UNINITIALIZED_AUTOS = YES_AGGRESSIVE;
				GCC_WARN_UNUSED_FUNCTION = YES;
				GCC_WARN_UNUSED_VARIABLE = YES;
				IPHONEOS_DEPLOYMENT_TARGET = 14.3;
				MTL_ENABLE_DEBUG_INFO = NO;
				MTL_FAST_MATH = YES;
				SDKROOT = iphoneos;
				SWIFT_COMPILATION_MODE = wholemodule;
				SWIFT_OPTIMIZATION_LEVEL = "-O";
				VALIDATE_PRODUCT = YES;
			};
			name = Release;
		};
		D750998E264D1955002E6A57 /* Debug */ = {
			isa = XCBuildConfiguration;
			baseConfigurationReference = AB075422F2F4B6CE249EBDC9 /* Pods-PaddleOCRDemo.debug.xcconfig */;
			buildSettings = {
				ASSETCATALOG_COMPILER_APPICON_NAME = AppIcon;
				ASSETCATALOG_COMPILER_GLOBAL_ACCENT_COLOR_NAME = AccentColor;
				CLANG_WARN_CXX0X_EXTENSIONS = NO;
				CODE_SIGN_STYLE = Automatic;
				DEVELOPMENT_TEAM = V45Z94S79K;
				ENABLE_BITCODE = NO;
				FRAMEWORK_SEARCH_PATHS = (
					"$(inherited)",
					"$(PROJECT_DIR)/PaddleOCRDemo/Tools",
				);
				INFOPLIST_FILE = PaddleOCRDemo/Info.plist;
				IPHONEOS_DEPLOYMENT_TARGET = 9.0;
				LD_RUNPATH_SEARCH_PATHS = (
					"$(inherited)",
					"@executable_path/Frameworks",
				);
				OTHER_LDFLAGS = "$(inherited)";
				PRODUCT_BUNDLE_IDENTIFIER = com.leonard.PaddleOCRDemo;
				PRODUCT_NAME = "$(TARGET_NAME)";
				SWIFT_VERSION = 5.0;
				TARGETED_DEVICE_FAMILY = 1;
			};
			name = Debug;
		};
		D750998F264D1955002E6A57 /* Release */ = {
			isa = XCBuildConfiguration;
			baseConfigurationReference = EAEE8B78D44DD2253C60A153 /* Pods-PaddleOCRDemo.release.xcconfig */;
			buildSettings = {
				ASSETCATALOG_COMPILER_APPICON_NAME = AppIcon;
				ASSETCATALOG_COMPILER_GLOBAL_ACCENT_COLOR_NAME = AccentColor;
				CLANG_WARN_CXX0X_EXTENSIONS = NO;
				CODE_SIGN_STYLE = Automatic;
				DEVELOPMENT_TEAM = V45Z94S79K;
				ENABLE_BITCODE = NO;
				FRAMEWORK_SEARCH_PATHS = (
					"$(inherited)",
					"$(PROJECT_DIR)/PaddleOCRDemo/Tools",
				);
				INFOPLIST_FILE = PaddleOCRDemo/Info.plist;
				IPHONEOS_DEPLOYMENT_TARGET = 9.0;
				LD_RUNPATH_SEARCH_PATHS = (
					"$(inherited)",
					"@executable_path/Frameworks",
				);
				OTHER_LDFLAGS = "$(inherited)";
				PRODUCT_BUNDLE_IDENTIFIER = com.leonard.PaddleOCRDemo;
				PRODUCT_NAME = "$(TARGET_NAME)";
				SWIFT_VERSION = 5.0;
				TARGETED_DEVICE_FAMILY = 1;
			};
			name = Release;
		};
/* End XCBuildConfiguration section */

/* Begin XCConfigurationList section */
		D7509974264D1954002E6A57 /* Build configuration list for PBXProject "PaddleOCRDemo" */ = {
			isa = XCConfigurationList;
			buildConfigurations = (
				D750998B264D1955002E6A57 /* Debug */,
				D750998C264D1955002E6A57 /* Release */,
			);
			defaultConfigurationIsVisible = 0;
			defaultConfigurationName = Release;
		};
		D750998D264D1955002E6A57 /* Build configuration list for PBXNativeTarget "PaddleOCRDemo" */ = {
			isa = XCConfigurationList;
			buildConfigurations = (
				D750998E264D1955002E6A57 /* Debug */,
				D750998F264D1955002E6A57 /* Release */,
			);
			defaultConfigurationIsVisible = 0;
			defaultConfigurationName = Release;
		};
/* End XCConfigurationList section */
	};
	rootObject = D7509971264D1954002E6A57 /* Project object */;
}
